
Microsoft Visual Studio Solution File, Format Version 12.00
# Visual Studio Version 16
VisualStudioVersion = 16.0.31624.102
MinimumVisualStudioVersion = 10.0.40219.1
Project("{FAE04EC0-301F-11D3-BF4B-00C04F79EFBC}") = "Examen3EV", "Examen3EV\Examen3EV.csproj", "{1EFDC782-DBB8-47CA-AAD4-033F04E28189}"
EndProject
Global
	GlobalSection(SolutionConfigurationPlatforms) = preSolution
		Debug|Any CPU = Debug|Any CPU
		Release|Any CPU = Release|Any CPU
	EndGlobalSection
	GlobalSection(ProjectConfigurationPlatforms) = postSolution
		{1EFDC782-DBB8-47CA-AAD4-033F04E28189}.Debug|Any CPU.ActiveCfg = Debug|Any CPU
		{1EFDC782-DBB8-47CA-AAD4-033F04E28189}.Debug|Any CPU.Build.0 = Debug|Any CPU
		{1EFDC782-DBB8-47CA-AAD4-033F04E28189}.Release|Any CPU.ActiveCfg = Release|Any CPU
		{1EFDC782-DBB8-47CA-AAD4-033F04E28189}.Release|Any CPU.Build.0 = Release|Any CPU
	EndGlobalSection
	GlobalSection(SolutionProperties) = preSolution
		HideSolutionNode = FALSE
	EndGlobalSection
	GlobalSection(ExtensibilityGlobals) = postSolution
		SolutionGuid = {F839D594-D7EB-4819-94F5-4442D627713D}
	EndGlobalSection
EndGlobal
